{
  "name": "lab-react-j3ki5yeKDmC8ThPw",
  "lockfileVersion": 2,
  "requires": true,
  "packages": {
    "": {
      "dependencies": {
        "axios": "^0.24.0",
        "react-awesome-button": "^6.5.1"
      }
    },
    "node_modules/axios": {
      "version": "0.24.0",
      "resolved": "https://registry.npmjs.org/axios/-/axios-0.24.0.tgz",
      "integrity": "sha512-Q6cWsys88HoPgAaFAVUb0WpPk0O8iTeisR9IMqy9G8AbO4NlpVknrnQS03zzF9PGAWgO3cgletO3VjV/P7VztA==",
      "dependencies": {
        "follow-redirects": "^1.14.4"
      }
    },
    "node_modules/follow-redirects": {
      "version": "1.14.5",
      "resolved": "https://registry.npmjs.org/follow-redirects/-/follow-redirects-1.14.5.tgz",
      "integrity": "sha512-wtphSXy7d4/OR+MvIFbCVBDzZ5520qV8XfPklSN5QtxuMUJZ+b0Wnst1e1lCDocfzuCkHqj8k0FpZqO+UIaKNA==",
      "funding": [
        {
          "type": "individual",
          "url": "https://github.com/sponsors/RubenVerborgh"
        }
      ],
      "engines": {
        "node": ">=4.0"
      },
      "peerDependenciesMeta": {
        "debug": {
          "optional": true
        }
      }
    },
    "node_modules/react-awesome-button": {
      "version": "6.5.1",
      "resolved": "https://registry.npmjs.org/react-awesome-button/-/react-awesome-button-6.5.1.tgz",
      "integrity": "sha512-94AS4BSIgRCMSHq8wcy3ztostjLK8cqjUX6DT5oWiYNs3uxLv5uk4yFMlzXBjo0I4TERLOZGn66q0xwb+xw5qw==",
      "dependencies": {
        "web-animation-club": "^0.6.0"
      }
    },
    "node_modules/web-animation-club": {
      "version": "0.6.0",
      "resolved": "https://registry.npmjs.org/web-animation-club/-/web-animation-club-0.6.0.tgz",
      "integrity": "sha512-9W+EQu1HiaPLe/7WZlhJ2ULqQ4VL80RPDYW+ZcjfTKp6ayOuT1k3SVO6+tu0VBRmOqueJ/mrG+rjjInIv8Aglg=="
    }
  },
  "dependencies": {
    "axios": {
      "version": "0.24.0",
      "resolved": "https://registry.npmjs.org/axios/-/axios-0.24.0.tgz",
      "integrity": "sha512-Q6cWsys88HoPgAaFAVUb0WpPk0O8iTeisR9IMqy9G8AbO4NlpVknrnQS03zzF9PGAWgO3cgletO3VjV/P7VztA==",
      "requires": {
        "follow-redirects": "^1.14.4"
      }
    },
    "follow-redirects": {
      "version": "1.14.5",
      "resolved": "https://registry.npmjs.org/follow-redirects/-/follow-redirects-1.14.5.tgz",
      "integrity": "sha512-wtphSXy7d4/OR+MvIFbCVBDzZ5520qV8XfPklSN5QtxuMUJZ+b0Wnst1e1lCDocfzuCkHqj8k0FpZqO+UIaKNA=="
    },
    "react-awesome-button": {
      "version": "6.5.1",
      "resolved": "https://registry.npmjs.org/react-awesome-button/-/react-awesome-button-6.5.1.tgz",
      "integrity": "sha512-94AS4BSIgRCMSHq8wcy3ztostjLK8cqjUX6DT5oWiYNs3uxLv5uk4yFMlzXBjo0I4TERLOZGn66q0xwb+xw5qw==",
      "requires": {
        "web-animation-club": "^0.6.0"
      }
    },
    "web-animation-club": {
      "version": "0.6.0",
      "resolved": "https://registry.npmjs.org/web-animation-club/-/web-animation-club-0.6.0.tgz",
      "integrity": "sha512-9W+EQu1HiaPLe/7WZlhJ2ULqQ4VL80RPDYW+ZcjfTKp6ayOuT1k3SVO6+tu0VBRmOqueJ/mrG+rjjInIv8Aglg=="
    }
  }
}
